// !$*UTF8*$!
{
	archiveVersion = 1;
	classes = {
	};
	objectVersion = 51;
	objects = {

/* Begin PBXBuildFile section */
		130DF0D093EDF51E961EAE4E /* Pods_SearchForAirTickets.framework in Frameworks */ = {isa = PBXBuildFile; fileRef = CA4A2B9391A9AE70BFDE6250 /* Pods_SearchForAirTickets.framework */; };
		A81495DF25EAB45800C855F0 /* AppDelegate.m in Sources */ = {isa = PBXBuildFile; fileRef = A81495DE25EAB45800C855F0 /* AppDelegate.m */; };
		A81495E525EAB45800C855F0 /* MainViewController.m in Sources */ = {isa = PBXBuildFile; fileRef = A81495E425EAB45800C855F0 /* MainViewController.m */; };
		A81495EA25EAB45C00C855F0 /* Assets.xcassets in Resources */ = {isa = PBXBuildFile; fileRef = A81495E925EAB45C00C855F0 /* Assets.xcassets */; };
		A81495ED25EAB45C00C855F0 /* LaunchScreen.storyboard in Resources */ = {isa = PBXBuildFile; fileRef = A81495EB25EAB45C00C855F0 /* LaunchScreen.storyboard */; };
		A81495F025EAB45C00C855F0 /* main.m in Sources */ = {isa = PBXBuildFile; fileRef = A81495EF25EAB45C00C855F0 /* main.m */; };
		A8165B7825EBB1A400B32938 /* Country.m in Sources */ = {isa = PBXBuildFile; fileRef = A8165B7725EBB1A400B32938 /* Country.m */; };
		A8165B7D25EBB28C00B32938 /* City.m in Sources */ = {isa = PBXBuildFile; fileRef = A8165B7C25EBB28C00B32938 /* City.m */; };
		A8165B8125EBB4D100B32938 /* Airport.m in Sources */ = {isa = PBXBuildFile; fileRef = A8165B8025EBB4D100B32938 /* Airport.m */; };
		A8165B8525EBB64900B32938 /* DataManager.m in Sources */ = {isa = PBXBuildFile; fileRef = A8165B8425EBB64900B32938 /* DataManager.m */; };
		A82CC57025FCD9270038E540 /* LocationService.m in Sources */ = {isa = PBXBuildFile; fileRef = A82CC56F25FCD9270038E540 /* LocationService.m */; };
		A82CC57525FCE7330038E540 /* MapPrice.m in Sources */ = {isa = PBXBuildFile; fileRef = A82CC57425FCE7330038E540 /* MapPrice.m */; };
		A82CC57925FCEC540038E540 /* MapViewController.m in Sources */ = {isa = PBXBuildFile; fileRef = A82CC57825FCEC540038E540 /* MapViewController.m */; };
		A83F857025F134BC00FD1B92 /* PlaceViewController.m in Sources */ = {isa = PBXBuildFile; fileRef = A83F856F25F134BC00FD1B92 /* PlaceViewController.m */; };
		A841E79625EE617800174160 /* airports.json in Resources */ = {isa = PBXBuildFile; fileRef = A841E79325EE617800174160 /* airports.json */; };
		A841E79725EE617800174160 /* cities.json in Resources */ = {isa = PBXBuildFile; fileRef = A841E79425EE617800174160 /* cities.json */; };
		A841E79825EE617800174160 /* countries.json in Resources */ = {isa = PBXBuildFile; fileRef = A841E79525EE617800174160 /* countries.json */; };
		A8426D5B2608AAEE00C17568 /* FavoriteMapPrice+CoreDataClass.m in Sources */ = {isa = PBXBuildFile; fileRef = A8426D572608AAEE00C17568 /* FavoriteMapPrice+CoreDataClass.m */; };
		A8426D5C2608AAEE00C17568 /* FavoriteMapPrice+CoreDataProperties.m in Sources */ = {isa = PBXBuildFile; fileRef = A8426D592608AAEE00C17568 /* FavoriteMapPrice+CoreDataProperties.m */; };
		A85CEC1B260670850003E7B1 /* CoreDataHelper.m in Sources */ = {isa = PBXBuildFile; fileRef = A85CEC1A260670850003E7B1 /* CoreDataHelper.m */; };
		A85E4D43260CB39700040B13 /* ProgressView.m in Sources */ = {isa = PBXBuildFile; fileRef = A85E4D42260CB39700040B13 /* ProgressView.m */; };
		A85E4D55260CE1F100040B13 /* ContentViewController.m in Sources */ = {isa = PBXBuildFile; fileRef = A85E4D54260CE1F100040B13 /* ContentViewController.m */; };
		A85E4D5B260CF34900040B13 /* FirstViewController.m in Sources */ = {isa = PBXBuildFile; fileRef = A85E4D5A260CF34900040B13 /* FirstViewController.m */; };
		A887DF2D25F65798003CAA36 /* APIManager.m in Sources */ = {isa = PBXBuildFile; fileRef = A887DF2C25F65798003CAA36 /* APIManager.m */; };
		A887DF3325F667E0003CAA36 /* Ticket.m in Sources */ = {isa = PBXBuildFile; fileRef = A887DF3225F667E0003CAA36 /* Ticket.m */; };
		A88932932607D50400F74D90 /* air.xcdatamodeld in Sources */ = {isa = PBXBuildFile; fileRef = A88932912607D50400F74D90 /* air.xcdatamodeld */; };
		A88932992607D64B00F74D90 /* FavoriteTicket+CoreDataProperties.m in Sources */ = {isa = PBXBuildFile; fileRef = A88932962607D64B00F74D90 /* FavoriteTicket+CoreDataProperties.m */; };
		A889329A2607D64B00F74D90 /* FavoriteTicket+CoreDataClass.m in Sources */ = {isa = PBXBuildFile; fileRef = A88932972607D64B00F74D90 /* FavoriteTicket+CoreDataClass.m */; };
		A8A0560225F673F9006014EA /* TicketTableViewCell.m in Sources */ = {isa = PBXBuildFile; fileRef = A8A0560125F673F9006014EA /* TicketTableViewCell.m */; };
		A8A0560925F67A6E006014EA /* TicketsViewController.m in Sources */ = {isa = PBXBuildFile; fileRef = A8A0560825F67A6E006014EA /* TicketsViewController.m */; };
		A8C2246C26027A370074122D /* TabBarController.m in Sources */ = {isa = PBXBuildFile; fileRef = A8C2246B26027A370074122D /* TabBarController.m */; };
		A8F7D13C260DEA9E00E61D31 /* NotificationCenter.m in Sources */ = {isa = PBXBuildFile; fileRef = A8F7D13B260DEA9E00E61D31 /* NotificationCenter.m */; };
/* End PBXBuildFile section */

/* Begin PBXFileReference section */
		07425C38CC0E2EA7C84A1027 /* Pods-SearchForAirTickets.debug.xcconfig */ = {isa = PBXFileReference; includeInIndex = 1; lastKnownFileType = text.xcconfig; name = "Pods-SearchForAirTickets.debug.xcconfig"; path = "Target Support Files/Pods-SearchForAirTickets/Pods-SearchForAirTickets.debug.xcconfig"; sourceTree = "<group>"; };
		5AE8017B8F29701AA4EE611A /* Pods-SearchForAirTickets.release.xcconfig */ = {isa = PBXFileReference; includeInIndex = 1; lastKnownFileType = text.xcconfig; name = "Pods-SearchForAirTickets.release.xcconfig"; path = "Target Support Files/Pods-SearchForAirTickets/Pods-SearchForAirTickets.release.xcconfig"; sourceTree = "<group>"; };
		A81495DA25EAB45800C855F0 /* SearchForAirTickets.app */ = {isa = PBXFileReference; explicitFileType = wrapper.application; includeInIndex = 0; path = SearchForAirTickets.app; sourceTree = BUILT_PRODUCTS_DIR; };
		A81495DD25EAB45800C855F0 /* AppDelegate.h */ = {isa = PBXFileReference; lastKnownFileType = sourcecode.c.h; path = AppDelegate.h; sourceTree = "<group>"; };
		A81495DE25EAB45800C855F0 /* AppDelegate.m */ = {isa = PBXFileReference; lastKnownFileType = sourcecode.c.objc; path = AppDelegate.m; sourceTree = "<group>"; };
		A81495E325EAB45800C855F0 /* MainViewController.h */ = {isa = PBXFileReference; lastKnownFileType = sourcecode.c.h; path = MainViewController.h; sourceTree = "<group>"; };
		A81495E425EAB45800C855F0 /* MainViewController.m */ = {isa = PBXFileReference; lastKnownFileType = sourcecode.c.objc; path = MainViewController.m; sourceTree = "<group>"; };
		A81495E925EAB45C00C855F0 /* Assets.xcassets */ = {isa = PBXFileReference; lastKnownFileType = folder.assetcatalog; path = Assets.xcassets; sourceTree = "<group>"; };
		A81495EC25EAB45C00C855F0 /* Base */ = {isa = PBXFileReference; lastKnownFileType = file.storyboard; name = Base; path = Base.lproj/LaunchScreen.storyboard; sourceTree = "<group>"; };
		A81495EE25EAB45C00C855F0 /* Info.plist */ = {isa = PBXFileReference; lastKnownFileType = text.plist.xml; path = Info.plist; sourceTree = "<group>"; };
		A81495EF25EAB45C00C855F0 /* main.m */ = {isa = PBXFileReference; lastKnownFileType = sourcecode.c.objc; path = main.m; sourceTree = "<group>"; };
		A8165B7625EBB1A400B32938 /* Country.h */ = {isa = PBXFileReference; lastKnownFileType = sourcecode.c.h; path = Country.h; sourceTree = "<group>"; };
		A8165B7725EBB1A400B32938 /* Country.m */ = {isa = PBXFileReference; lastKnownFileType = sourcecode.c.objc; path = Country.m; sourceTree = "<group>"; };
		A8165B7B25EBB28C00B32938 /* City.h */ = {isa = PBXFileReference; lastKnownFileType = sourcecode.c.h; path = City.h; sourceTree = "<group>"; };
		A8165B7C25EBB28C00B32938 /* City.m */ = {isa = PBXFileReference; lastKnownFileType = sourcecode.c.objc; path = City.m; sourceTree = "<group>"; };
		A8165B7F25EBB4D100B32938 /* Airport.h */ = {isa = PBXFileReference; lastKnownFileType = sourcecode.c.h; path = Airport.h; sourceTree = "<group>"; };
		A8165B8025EBB4D100B32938 /* Airport.m */ = {isa = PBXFileReference; lastKnownFileType = sourcecode.c.objc; path = Airport.m; sourceTree = "<group>"; };
		A8165B8325EBB64900B32938 /* DataManager.h */ = {isa = PBXFileReference; lastKnownFileType = sourcecode.c.h; path = DataManager.h; sourceTree = "<group>"; };
		A8165B8425EBB64900B32938 /* DataManager.m */ = {isa = PBXFileReference; lastKnownFileType = sourcecode.c.objc; path = DataManager.m; sourceTree = "<group>"; };
		A82B755D25F3DC28004E3B77 /* SearchRequest.h */ = {isa = PBXFileReference; lastKnownFileType = sourcecode.c.h; path = SearchRequest.h; sourceTree = "<group>"; };
		A82CC56E25FCD9270038E540 /* LocationService.h */ = {isa = PBXFileReference; lastKnownFileType = sourcecode.c.h; path = LocationService.h; sourceTree = "<group>"; };
		A82CC56F25FCD9270038E540 /* LocationService.m */ = {isa = PBXFileReference; lastKnownFileType = sourcecode.c.objc; path = LocationService.m; sourceTree = "<group>"; };
		A82CC57325FCE7330038E540 /* MapPrice.h */ = {isa = PBXFileReference; lastKnownFileType = sourcecode.c.h; path = MapPrice.h; sourceTree = "<group>"; };
		A82CC57425FCE7330038E540 /* MapPrice.m */ = {isa = PBXFileReference; lastKnownFileType = sourcecode.c.objc; path = MapPrice.m; sourceTree = "<group>"; };
		A82CC57725FCEC540038E540 /* MapViewController.h */ = {isa = PBXFileReference; lastKnownFileType = sourcecode.c.h; path = MapViewController.h; sourceTree = "<group>"; };
		A82CC57825FCEC540038E540 /* MapViewController.m */ = {isa = PBXFileReference; lastKnownFileType = sourcecode.c.objc; path = MapViewController.m; sourceTree = "<group>"; };
		A83F856E25F134BC00FD1B92 /* PlaceViewController.h */ = {isa = PBXFileReference; lastKnownFileType = sourcecode.c.h; path = PlaceViewController.h; sourceTree = "<group>"; };
		A83F856F25F134BC00FD1B92 /* PlaceViewController.m */ = {isa = PBXFileReference; lastKnownFileType = sourcecode.c.objc; path = PlaceViewController.m; sourceTree = "<group>"; };
		A841E79325EE617800174160 /* airports.json */ = {isa = PBXFileReference; fileEncoding = 4; lastKnownFileType = text.json; path = airports.json; sourceTree = "<group>"; };
		A841E79425EE617800174160 /* cities.json */ = {isa = PBXFileReference; fileEncoding = 4; lastKnownFileType = text.json; path = cities.json; sourceTree = "<group>"; };
		A841E79525EE617800174160 /* countries.json */ = {isa = PBXFileReference; fileEncoding = 4; lastKnownFileType = text.json; path = countries.json; sourceTree = "<group>"; };
		A8426D572608AAEE00C17568 /* FavoriteMapPrice+CoreDataClass.m */ = {isa = PBXFileReference; fileEncoding = 4; lastKnownFileType = sourcecode.c.objc; path = "FavoriteMapPrice+CoreDataClass.m"; sourceTree = "<group>"; };
		A8426D582608AAEE00C17568 /* FavoriteMapPrice+CoreDataClass.h */ = {isa = PBXFileReference; fileEncoding = 4; lastKnownFileType = sourcecode.c.h; path = "FavoriteMapPrice+CoreDataClass.h"; sourceTree = "<group>"; };
		A8426D592608AAEE00C17568 /* FavoriteMapPrice+CoreDataProperties.m */ = {isa = PBXFileReference; fileEncoding = 4; lastKnownFileType = sourcecode.c.objc; path = "FavoriteMapPrice+CoreDataProperties.m"; sourceTree = "<group>"; };
		A8426D5A2608AAEE00C17568 /* FavoriteMapPrice+CoreDataProperties.h */ = {isa = PBXFileReference; fileEncoding = 4; lastKnownFileType = sourcecode.c.h; path = "FavoriteMapPrice+CoreDataProperties.h"; sourceTree = "<group>"; };
		A85CEC19260670850003E7B1 /* CoreDataHelper.h */ = {isa = PBXFileReference; lastKnownFileType = sourcecode.c.h; path = CoreDataHelper.h; sourceTree = "<group>"; };
		A85CEC1A260670850003E7B1 /* CoreDataHelper.m */ = {isa = PBXFileReference; lastKnownFileType = sourcecode.c.objc; path = CoreDataHelper.m; sourceTree = "<group>"; };
		A85E4D41260CB39700040B13 /* ProgressView.h */ = {isa = PBXFileReference; lastKnownFileType = sourcecode.c.h; path = ProgressView.h; sourceTree = "<group>"; };
		A85E4D42260CB39700040B13 /* ProgressView.m */ = {isa = PBXFileReference; lastKnownFileType = sourcecode.c.objc; path = ProgressView.m; sourceTree = "<group>"; };
		A85E4D53260CE1F100040B13 /* ContentViewController.h */ = {isa = PBXFileReference; lastKnownFileType = sourcecode.c.h; path = ContentViewController.h; sourceTree = "<group>"; };
		A85E4D54260CE1F100040B13 /* ContentViewController.m */ = {isa = PBXFileReference; lastKnownFileType = sourcecode.c.objc; path = ContentViewController.m; sourceTree = "<group>"; };
		A85E4D59260CF34900040B13 /* FirstViewController.h */ = {isa = PBXFileReference; lastKnownFileType = sourcecode.c.h; path = FirstViewController.h; sourceTree = "<group>"; };
		A85E4D5A260CF34900040B13 /* FirstViewController.m */ = {isa = PBXFileReference; lastKnownFileType = sourcecode.c.objc; path = FirstViewController.m; sourceTree = "<group>"; };
		A887DF2B25F65798003CAA36 /* APIManager.h */ = {isa = PBXFileReference; lastKnownFileType = sourcecode.c.h; path = APIManager.h; sourceTree = "<group>"; };
		A887DF2C25F65798003CAA36 /* APIManager.m */ = {isa = PBXFileReference; lastKnownFileType = sourcecode.c.objc; path = APIManager.m; sourceTree = "<group>"; };
		A887DF3125F667E0003CAA36 /* Ticket.h */ = {isa = PBXFileReference; lastKnownFileType = sourcecode.c.h; path = Ticket.h; sourceTree = "<group>"; };
		A887DF3225F667E0003CAA36 /* Ticket.m */ = {isa = PBXFileReference; lastKnownFileType = sourcecode.c.objc; path = Ticket.m; sourceTree = "<group>"; };
		A88932922607D50400F74D90 /* air.xcdatamodel */ = {isa = PBXFileReference; lastKnownFileType = wrapper.xcdatamodel; path = air.xcdatamodel; sourceTree = "<group>"; };
		A88932952607D64B00F74D90 /* FavoriteTicket+CoreDataProperties.h */ = {isa = PBXFileReference; fileEncoding = 4; lastKnownFileType = sourcecode.c.h; name = "FavoriteTicket+CoreDataProperties.h"; path = "SearchForAirTickets/Modules/Tickets/ViewController/DBModels/FavoriteTicket+CoreDataProperties.h"; sourceTree = SOURCE_ROOT; };
		A88932962607D64B00F74D90 /* FavoriteTicket+CoreDataProperties.m */ = {isa = PBXFileReference; fileEncoding = 4; lastKnownFileType = sourcecode.c.objc; name = "FavoriteTicket+CoreDataProperties.m"; path = "SearchForAirTickets/Modules/Tickets/ViewController/DBModels/FavoriteTicket+CoreDataProperties.m"; sourceTree = SOURCE_ROOT; };
		A88932972607D64B00F74D90 /* FavoriteTicket+CoreDataClass.m */ = {isa = PBXFileReference; fileEncoding = 4; lastKnownFileType = sourcecode.c.objc; name = "FavoriteTicket+CoreDataClass.m"; path = "SearchForAirTickets/Modules/Tickets/ViewController/DBModels/FavoriteTicket+CoreDataClass.m"; sourceTree = SOURCE_ROOT; };
		A88932982607D64B00F74D90 /* FavoriteTicket+CoreDataClass.h */ = {isa = PBXFileReference; fileEncoding = 4; lastKnownFileType = sourcecode.c.h; name = "FavoriteTicket+CoreDataClass.h"; path = "SearchForAirTickets/Modules/Tickets/ViewController/DBModels/FavoriteTicket+CoreDataClass.h"; sourceTree = SOURCE_ROOT; };
		A8A0560025F673F9006014EA /* TicketTableViewCell.h */ = {isa = PBXFileReference; lastKnownFileType = sourcecode.c.h; path = TicketTableViewCell.h; sourceTree = "<group>"; };
		A8A0560125F673F9006014EA /* TicketTableViewCell.m */ = {isa = PBXFileReference; lastKnownFileType = sourcecode.c.objc; path = TicketTableViewCell.m; sourceTree = "<group>"; };
		A8A0560525F67858006014EA /* AirLineLogo.h */ = {isa = PBXFileReference; lastKnownFileType = sourcecode.c.h; path = AirLineLogo.h; sourceTree = "<group>"; };
		A8A0560725F67A6E006014EA /* TicketsViewController.h */ = {isa = PBXFileReference; lastKnownFileType = sourcecode.c.h; path = TicketsViewController.h; sourceTree = "<group>"; };
		A8A0560825F67A6E006014EA /* TicketsViewController.m */ = {isa = PBXFileReference; lastKnownFileType = sourcecode.c.objc; path = TicketsViewController.m; sourceTree = "<group>"; };
		A8C2246A26027A370074122D /* TabBarController.h */ = {isa = PBXFileReference; lastKnownFileType = sourcecode.c.h; path = TabBarController.h; sourceTree = "<group>"; };
		A8C2246B26027A370074122D /* TabBarController.m */ = {isa = PBXFileReference; lastKnownFileType = sourcecode.c.objc; path = TabBarController.m; sourceTree = "<group>"; };
		A8F7D13A260DEA9E00E61D31 /* NotificationCenter.h */ = {isa = PBXFileReference; lastKnownFileType = sourcecode.c.h; path = NotificationCenter.h; sourceTree = "<group>"; };
		A8F7D13B260DEA9E00E61D31 /* NotificationCenter.m */ = {isa = PBXFileReference; lastKnownFileType = sourcecode.c.objc; path = NotificationCenter.m; sourceTree = "<group>"; };
		CA4A2B9391A9AE70BFDE6250 /* Pods_SearchForAirTickets.framework */ = {isa = PBXFileReference; explicitFileType = wrapper.framework; includeInIndex = 0; path = Pods_SearchForAirTickets.framework; sourceTree = BUILT_PRODUCTS_DIR; };
/* End PBXFileReference section */

/* Begin PBXFrameworksBuildPhase section */
		A81495D725EAB45800C855F0 /* Frameworks */ = {
			isa = PBXFrameworksBuildPhase;
			buildActionMask = 2147483647;
			files = (
				130DF0D093EDF51E961EAE4E /* Pods_SearchForAirTickets.framework in Frameworks */,
			);
			runOnlyForDeploymentPostprocessing = 0;
		};
/* End PBXFrameworksBuildPhase section */

/* Begin PBXGroup section */
		56432B6B8DD0F16FD48C4E18 /* Pods */ = {
			isa = PBXGroup;
			children = (
				07425C38CC0E2EA7C84A1027 /* Pods-SearchForAirTickets.debug.xcconfig */,
				5AE8017B8F29701AA4EE611A /* Pods-SearchForAirTickets.release.xcconfig */,
			);
			path = Pods;
			sourceTree = "<group>";
		};
		A81495D125EAB45800C855F0 = {
			isa = PBXGroup;
			children = (
				A81495DC25EAB45800C855F0 /* SearchForAirTickets */,
				A81495DB25EAB45800C855F0 /* Products */,
				56432B6B8DD0F16FD48C4E18 /* Pods */,
				DE2F18765D875B03F96AAD4F /* Frameworks */,
			);
			sourceTree = "<group>";
		};
		A81495DB25EAB45800C855F0 /* Products */ = {
			isa = PBXGroup;
			children = (
				A81495DA25EAB45800C855F0 /* SearchForAirTickets.app */,
			);
			name = Products;
			sourceTree = "<group>";
		};
		A81495DC25EAB45800C855F0 /* SearchForAirTickets */ = {
			isa = PBXGroup;
			children = (
				A8534A1525EE5D64005D0F5E /* App */,
				A8534A1625EE5D90005D0F5E /* Modules */,
				A8534A1A25EE5E1D005D0F5E /* Resource */,
			);
			path = SearchForAirTickets;
			sourceTree = "<group>";
		};
		A8165B7525EBB13A00B32938 /* Models */ = {
			isa = PBXGroup;
			children = (
				A8165B7625EBB1A400B32938 /* Country.h */,
				A8165B7725EBB1A400B32938 /* Country.m */,
				A8165B7B25EBB28C00B32938 /* City.h */,
				A8165B7C25EBB28C00B32938 /* City.m */,
				A8165B7F25EBB4D100B32938 /* Airport.h */,
				A8165B8025EBB4D100B32938 /* Airport.m */,
			);
			path = Models;
			sourceTree = "<group>";
		};
		A81816B825F69EA800D00991 /* ViewController */ = {
			isa = PBXGroup;
			children = (
				A83F856E25F134BC00FD1B92 /* PlaceViewController.h */,
				A83F856F25F134BC00FD1B92 /* PlaceViewController.m */,
			);
			path = ViewController;
			sourceTree = "<group>";
		};
		A81816BA25F69EBC00D00991 /* ViewController */ = {
			isa = PBXGroup;
			children = (
				A8A0560725F67A6E006014EA /* TicketsViewController.h */,
				A8A0560825F67A6E006014EA /* TicketsViewController.m */,
				A85CEC0526065B300003E7B1 /* Cells */,
				A85CEC0726065B680003E7B1 /* Models */,
				A85CEC0626065B4A0003E7B1 /* DBModels */,
			);
			path = ViewController;
			sourceTree = "<group>";
		};
		A82CC57B25FCEC5E0038E540 /* Map */ = {
			isa = PBXGroup;
			children = (
				A88932592607C17400F74D90 /* ViewController */,
				A8426D5E2608AC7700C17568 /* Models */,
				A889325A2607C18F00F74D90 /* DBModels */,
			);
			path = Map;
			sourceTree = "<group>";
		};
		A841E79B25EE666300174160 /* Place */ = {
			isa = PBXGroup;
			children = (
				A81816B825F69EA800D00991 /* ViewController */,
			);
			path = Place;
			sourceTree = "<group>";
		};
		A8426D5E2608AC7700C17568 /* Models */ = {
			isa = PBXGroup;
			children = (
				A82CC57325FCE7330038E540 /* MapPrice.h */,
				A82CC57425FCE7330038E540 /* MapPrice.m */,
			);
			path = Models;
			sourceTree = "<group>";
		};
		A8534A1525EE5D64005D0F5E /* App */ = {
			isa = PBXGroup;
			children = (
				A81495DD25EAB45800C855F0 /* AppDelegate.h */,
				A81495DE25EAB45800C855F0 /* AppDelegate.m */,
			);
			path = App;
			sourceTree = "<group>";
		};
		A8534A1625EE5D90005D0F5E /* Modules */ = {
			isa = PBXGroup;
			children = (
				A85E4D4F260CD98A00040B13 /* InBoarding */,
				A85E4D40260CB36100040B13 /* Animation */,
				A8534A1925EE5DD4005D0F5E /* Services */,
				A8165B7525EBB13A00B32938 /* Models */,
				A8534A1725EE5DA1005D0F5E /* Main */,
				A841E79B25EE666300174160 /* Place */,
				A8A055FF25F6738F006014EA /* Tickets */,
				A82CC57B25FCEC5E0038E540 /* Map */,
				A8C22469260279D70074122D /* TabBar */,
				A85CEC18260670490003E7B1 /* Services */,
			);
			path = Modules;
			sourceTree = "<group>";
		};
		A8534A1725EE5DA1005D0F5E /* Main */ = {
			isa = PBXGroup;
			children = (
				A82B755D25F3DC28004E3B77 /* SearchRequest.h */,
				A8534A1825EE5DB9005D0F5E /* ViewController */,
			);
			path = Main;
			sourceTree = "<group>";
		};
		A8534A1825EE5DB9005D0F5E /* ViewController */ = {
			isa = PBXGroup;
			children = (
				A81495E325EAB45800C855F0 /* MainViewController.h */,
				A81495E425EAB45800C855F0 /* MainViewController.m */,
			);
			path = ViewController;
			sourceTree = "<group>";
		};
		A8534A1925EE5DD4005D0F5E /* Services */ = {
			isa = PBXGroup;
			children = (
				A8165B8325EBB64900B32938 /* DataManager.h */,
				A8165B8425EBB64900B32938 /* DataManager.m */,
				A887DF2B25F65798003CAA36 /* APIManager.h */,
				A887DF2C25F65798003CAA36 /* APIManager.m */,
				A82CC56E25FCD9270038E540 /* LocationService.h */,
				A82CC56F25FCD9270038E540 /* LocationService.m */,
			);
			path = Services;
			sourceTree = "<group>";
		};
		A8534A1A25EE5E1D005D0F5E /* Resource */ = {
			isa = PBXGroup;
			children = (
				A8E8710425EE602B0005502A /* JSON */,
				A81495E925EAB45C00C855F0 /* Assets.xcassets */,
				A81495EB25EAB45C00C855F0 /* LaunchScreen.storyboard */,
				A81495EE25EAB45C00C855F0 /* Info.plist */,
				A81495EF25EAB45C00C855F0 /* main.m */,
			);
			path = Resource;
			sourceTree = "<group>";
		};
		A85CEC0526065B300003E7B1 /* Cells */ = {
			isa = PBXGroup;
			children = (
				A8A0560025F673F9006014EA /* TicketTableViewCell.h */,
				A8A0560125F673F9006014EA /* TicketTableViewCell.m */,
			);
			path = Cells;
			sourceTree = "<group>";
		};
		A85CEC0626065B4A0003E7B1 /* DBModels */ = {
			isa = PBXGroup;
			children = (
				A88932952607D64B00F74D90 /* FavoriteTicket+CoreDataProperties.h */,
				A88932982607D64B00F74D90 /* FavoriteTicket+CoreDataClass.h */,
				A88932972607D64B00F74D90 /* FavoriteTicket+CoreDataClass.m */,
				A88932962607D64B00F74D90 /* FavoriteTicket+CoreDataProperties.m */,
			);
			path = DBModels;
			sourceTree = "<group>";
		};
		A85CEC0726065B680003E7B1 /* Models */ = {
			isa = PBXGroup;
			children = (
				A887DF3125F667E0003CAA36 /* Ticket.h */,
				A887DF3225F667E0003CAA36 /* Ticket.m */,
			);
			path = Models;
			sourceTree = "<group>";
		};
		A85CEC18260670490003E7B1 /* Services */ = {
			isa = PBXGroup;
			children = (
				A8F7D139260DDED800E61D31 /* NotificationCenter */,
				A8F7D138260DDEC500E61D31 /* CoreData */,
			);
			name = Services;
			path = Tickets/Services;
			sourceTree = "<group>";
		};
		A85E4D40260CB36100040B13 /* Animation */ = {
			isa = PBXGroup;
			children = (
				A85E4D41260CB39700040B13 /* ProgressView.h */,
				A85E4D42260CB39700040B13 /* ProgressView.m */,
			);
			path = Animation;
			sourceTree = "<group>";
		};
		A85E4D4F260CD98A00040B13 /* InBoarding */ = {
			isa = PBXGroup;
			children = (
				A85E4D57260CF31000040B13 /* First */,
				A85E4D50260CDA3300040B13 /* Content */,
			);
			path = InBoarding;
			sourceTree = "<group>";
		};
		A85E4D50260CDA3300040B13 /* Content */ = {
			isa = PBXGroup;
			children = (
				A85E4D51260CDA3D00040B13 /* ViewController */,
			);
			path = Content;
			sourceTree = "<group>";
		};
		A85E4D51260CDA3D00040B13 /* ViewController */ = {
			isa = PBXGroup;
			children = (
				A85E4D53260CE1F100040B13 /* ContentViewController.h */,
				A85E4D54260CE1F100040B13 /* ContentViewController.m */,
			);
			path = ViewController;
			sourceTree = "<group>";
		};
		A85E4D57260CF31000040B13 /* First */ = {
			isa = PBXGroup;
			children = (
				A85E4D58260CF32400040B13 /* ViewController */,
			);
			path = First;
			sourceTree = "<group>";
		};
		A85E4D58260CF32400040B13 /* ViewController */ = {
			isa = PBXGroup;
			children = (
				A85E4D59260CF34900040B13 /* FirstViewController.h */,
				A85E4D5A260CF34900040B13 /* FirstViewController.m */,
			);
			path = ViewController;
			sourceTree = "<group>";
		};
		A88932592607C17400F74D90 /* ViewController */ = {
			isa = PBXGroup;
			children = (
				A82CC57725FCEC540038E540 /* MapViewController.h */,
				A82CC57825FCEC540038E540 /* MapViewController.m */,
			);
			path = ViewController;
			sourceTree = "<group>";
		};
		A889325A2607C18F00F74D90 /* DBModels */ = {
			isa = PBXGroup;
			children = (
				A8426D5A2608AAEE00C17568 /* FavoriteMapPrice+CoreDataProperties.h */,
				A8426D582608AAEE00C17568 /* FavoriteMapPrice+CoreDataClass.h */,
				A8426D572608AAEE00C17568 /* FavoriteMapPrice+CoreDataClass.m */,
				A8426D592608AAEE00C17568 /* FavoriteMapPrice+CoreDataProperties.m */,
			);
			path = DBModels;
			sourceTree = "<group>";
		};
		A8A055FF25F6738F006014EA /* Tickets */ = {
			isa = PBXGroup;
			children = (
				A8A0560525F67858006014EA /* AirLineLogo.h */,
				A81816BA25F69EBC00D00991 /* ViewController */,
			);
			path = Tickets;
			sourceTree = "<group>";
		};
		A8C22469260279D70074122D /* TabBar */ = {
			isa = PBXGroup;
			children = (
				A8C2246A26027A370074122D /* TabBarController.h */,
				A8C2246B26027A370074122D /* TabBarController.m */,
			);
			path = TabBar;
			sourceTree = "<group>";
		};
		A8E8710425EE602B0005502A /* JSON */ = {
			isa = PBXGroup;
			children = (
				A841E79325EE617800174160 /* airports.json */,
				A841E79425EE617800174160 /* cities.json */,
				A841E79525EE617800174160 /* countries.json */,
			);
			path = JSON;
			sourceTree = "<group>";
		};
		A8F7D138260DDEC500E61D31 /* CoreData */ = {
			isa = PBXGroup;
			children = (
				A85CEC19260670850003E7B1 /* CoreDataHelper.h */,
				A85CEC1A260670850003E7B1 /* CoreDataHelper.m */,
				A88932912607D50400F74D90 /* air.xcdatamodeld */,
			);
			path = CoreData;
			sourceTree = "<group>";
		};
		A8F7D139260DDED800E61D31 /* NotificationCenter */ = {
			isa = PBXGroup;
			children = (
				A8F7D13A260DEA9E00E61D31 /* NotificationCenter.h */,
				A8F7D13B260DEA9E00E61D31 /* NotificationCenter.m */,
			);
			path = NotificationCenter;
			sourceTree = "<group>";
		};
		DE2F18765D875B03F96AAD4F /* Frameworks */ = {
			isa = PBXGroup;
			children = (
				CA4A2B9391A9AE70BFDE6250 /* Pods_SearchForAirTickets.framework */,
			);
			name = Frameworks;
			sourceTree = "<group>";
		};
/* End PBXGroup section */

/* Begin PBXNativeTarget section */
		A81495D925EAB45800C855F0 /* SearchForAirTickets */ = {
			isa = PBXNativeTarget;
			buildConfigurationList = A81495F325EAB45C00C855F0 /* Build configuration list for PBXNativeTarget "SearchForAirTickets" */;
			buildPhases = (
				760E7E2278742FA9A53D1413 /* [CP] Check Pods Manifest.lock */,
				A81495D625EAB45800C855F0 /* Sources */,
				A81495D725EAB45800C855F0 /* Frameworks */,
				A81495D825EAB45800C855F0 /* Resources */,
				858964185B805DC17E1D8BEB /* [CP] Embed Pods Frameworks */,
			);
			buildRules = (
			);
			dependencies = (
			);
			name = SearchForAirTickets;
			productName = SearchForAirTickets;
			productReference = A81495DA25EAB45800C855F0 /* SearchForAirTickets.app */;
			productType = "com.apple.product-type.application";
		};
/* End PBXNativeTarget section */

/* Begin PBXProject section */
		A81495D225EAB45800C855F0 /* Project object */ = {
			isa = PBXProject;
			attributes = {
				LastUpgradeCheck = 1240;
				TargetAttributes = {
					A81495D925EAB45800C855F0 = {
						CreatedOnToolsVersion = 12.4;
					};
				};
			};
			buildConfigurationList = A81495D525EAB45800C855F0 /* Build configuration list for PBXProject "SearchForAirTickets" */;
			compatibilityVersion = "Xcode 9.3";
			developmentRegion = en;
			hasScannedForEncodings = 0;
			knownRegions = (
				en,
				Base,
			);
			mainGroup = A81495D125EAB45800C855F0;
			productRefGroup = A81495DB25EAB45800C855F0 /* Products */;
			projectDirPath = "";
			projectRoot = "";
			targets = (
				A81495D925EAB45800C855F0 /* SearchForAirTickets */,
			);
		};
/* End PBXProject section */

/* Begin PBXResourcesBuildPhase section */
		A81495D825EAB45800C855F0 /* Resources */ = {
			isa = PBXResourcesBuildPhase;
			buildActionMask = 2147483647;
			files = (
				A841E79725EE617800174160 /* cities.json in Resources */,
				A81495ED25EAB45C00C855F0 /* LaunchScreen.storyboard in Resources */,
				A81495EA25EAB45C00C855F0 /* Assets.xcassets in Resources */,
				A841E79825EE617800174160 /* countries.json in Resources */,
				A841E79625EE617800174160 /* airports.json in Resources */,
			);
			runOnlyForDeploymentPostprocessing = 0;
		};
/* End PBXResourcesBuildPhase section */

/* Begin PBXShellScriptBuildPhase section */
		760E7E2278742FA9A53D1413 /* [CP] Check Pods Manifest.lock */ = {
			isa = PBXShellScriptBuildPhase;
			buildActionMask = 2147483647;
			files = (
			);
			inputFileListPaths = (
			);
			inputPaths = (
				"${PODS_PODFILE_DIR_PATH}/Podfile.lock",
				"${PODS_ROOT}/Manifest.lock",
			);
			name = "[CP] Check Pods Manifest.lock";
			outputFileListPaths = (
			);
			outputPaths = (
				"$(DERIVED_FILE_DIR)/Pods-SearchForAirTickets-checkManifestLockResult.txt",
			);
			runOnlyForDeploymentPostprocessing = 0;
			shellPath = /bin/sh;
			shellScript = "diff \"${PODS_PODFILE_DIR_PATH}/Podfile.lock\" \"${PODS_ROOT}/Manifest.lock\" > /dev/null\nif [ $? != 0 ] ; then\n    # print error to STDERR\n    echo \"error: The sandbox is not in sync with the Podfile.lock. Run 'pod install' or update your CocoaPods installation.\" >&2\n    exit 1\nfi\n# This output is used by Xcode 'outputs' to avoid re-running this script phase.\necho \"SUCCESS\" > \"${SCRIPT_OUTPUT_FILE_0}\"\n";
			showEnvVarsInLog = 0;
		};
		858964185B805DC17E1D8BEB /* [CP] Embed Pods Frameworks */ = {
			isa = PBXShellScriptBuildPhase;
			buildActionMask = 2147483647;
			files = (
			);
			inputFileListPaths = (
				"${PODS_ROOT}/Target Support Files/Pods-SearchForAirTickets/Pods-SearchForAirTickets-frameworks-${CONFIGURATION}-input-files.xcfilelist",
			);
			name = "[CP] Embed Pods Frameworks";
			outputFileListPaths = (
				"${PODS_ROOT}/Target Support Files/Pods-SearchForAirTickets/Pods-SearchForAirTickets-frameworks-${CONFIGURATION}-output-files.xcfilelist",
			);
			runOnlyForDeploymentPostprocessing = 0;
			shellPath = /bin/sh;
			shellScript = "\"${PODS_ROOT}/Target Support Files/Pods-SearchForAirTickets/Pods-SearchForAirTickets-frameworks.sh\"\n";
			showEnvVarsInLog = 0;
		};
/* End PBXShellScriptBuildPhase section */

/* Begin PBXSourcesBuildPhase section */
		A81495D625EAB45800C855F0 /* Sources */ = {
			isa = PBXSourcesBuildPhase;
			buildActionMask = 2147483647;
			files = (
				A81495E525EAB45800C855F0 /* MainViewController.m in Sources */,
				A889329A2607D64B00F74D90 /* FavoriteTicket+CoreDataClass.m in Sources */,
				A81495DF25EAB45800C855F0 /* AppDelegate.m in Sources */,
				A887DF2D25F65798003CAA36 /* APIManager.m in Sources */,
				A8165B8125EBB4D100B32938 /* Airport.m in Sources */,
				A8A0560225F673F9006014EA /* TicketTableViewCell.m in Sources */,
				A8165B7D25EBB28C00B32938 /* City.m in Sources */,
				A85E4D5B260CF34900040B13 /* FirstViewController.m in Sources */,
				A82CC57525FCE7330038E540 /* MapPrice.m in Sources */,
				A88932992607D64B00F74D90 /* FavoriteTicket+CoreDataProperties.m in Sources */,
				A887DF3325F667E0003CAA36 /* Ticket.m in Sources */,
				A82CC57025FCD9270038E540 /* LocationService.m in Sources */,
				A83F857025F134BC00FD1B92 /* PlaceViewController.m in Sources */,
				A8F7D13C260DEA9E00E61D31 /* NotificationCenter.m in Sources */,
				A8A0560925F67A6E006014EA /* TicketsViewController.m in Sources */,
				A81495F025EAB45C00C855F0 /* main.m in Sources */,
				A8426D5C2608AAEE00C17568 /* FavoriteMapPrice+CoreDataProperties.m in Sources */,
				A82CC57925FCEC540038E540 /* MapViewController.m in Sources */,
				A8C2246C26027A370074122D /* TabBarController.m in Sources */,
				A88932932607D50400F74D90 /* air.xcdatamodeld in Sources */,
				A8426D5B2608AAEE00C17568 /* FavoriteMapPrice+CoreDataClass.m in Sources */,
				A8165B8525EBB64900B32938 /* DataManager.m in Sources */,
				A85E4D55260CE1F100040B13 /* ContentViewController.m in Sources */,
				A85CEC1B260670850003E7B1 /* CoreDataHelper.m in Sources */,
				A8165B7825EBB1A400B32938 /* Country.m in Sources */,
				A85E4D43260CB39700040B13 /* ProgressView.m in Sources */,
			);
			runOnlyForDeploymentPostprocessing = 0;
		};
/* End PBXSourcesBuildPhase section */

/* Begin PBXVariantGroup section */
		A81495EB25EAB45C00C855F0 /* LaunchScreen.storyboard */ = {
			isa = PBXVariantGroup;
			children = (
				A81495EC25EAB45C00C855F0 /* Base */,
			);
			name = LaunchScreen.storyboard;
			sourceTree = "<group>";
		};
/* End PBXVariantGroup section */

/* Begin XCBuildConfiguration section */
		A81495F125EAB45C00C855F0 /* Debug */ = {
			isa = XCBuildConfiguration;
			buildSettings = {
				ALWAYS_SEARCH_USER_PATHS = NO;
				CLANG_ANALYZER_NONNULL = YES;
				CLANG_ANALYZER_NUMBER_OBJECT_CONVERSION = YES_AGGRESSIVE;
				CLANG_CXX_LANGUAGE_STANDARD = "gnu++14";
				CLANG_CXX_LIBRARY = "libc++";
				CLANG_ENABLE_MODULES = YES;
				CLANG_ENABLE_OBJC_ARC = YES;
				CLANG_ENABLE_OBJC_WEAK = YES;
				CLANG_WARN_BLOCK_CAPTURE_AUTORELEASING = YES;
				CLANG_WARN_BOOL_CONVERSION = YES;
				CLANG_WARN_COMMA = YES;
				CLANG_WARN_CONSTANT_CONVERSION = YES;
				CLANG_WARN_DEPRECATED_OBJC_IMPLEMENTATIONS = YES;
				CLANG_WARN_DIRECT_OBJC_ISA_USAGE = YES_ERROR;
				CLANG_WARN_DOCUMENTATION_COMMENTS = YES;
				CLANG_WARN_EMPTY_BODY = YES;
				CLANG_WARN_ENUM_CONVERSION = YES;
				CLANG_WARN_INFINITE_RECURSION = YES;
				CLANG_WARN_INT_CONVERSION = YES;
				CLANG_WARN_NON_LITERAL_NULL_CONVERSION = YES;
				CLANG_WARN_OBJC_IMPLICIT_RETAIN_SELF = YES;
				CLANG_WARN_OBJC_LITERAL_CONVERSION = YES;
				CLANG_WARN_OBJC_ROOT_CLASS = YES_ERROR;
				CLANG_WARN_QUOTED_INCLUDE_IN_FRAMEWORK_HEADER = YES;
				CLANG_WARN_RANGE_LOOP_ANALYSIS = YES;
				CLANG_WARN_STRICT_PROTOTYPES = YES;
				CLANG_WARN_SUSPICIOUS_MOVE = YES;
				CLANG_WARN_UNGUARDED_AVAILABILITY = YES_AGGRESSIVE;
				CLANG_WARN_UNREACHABLE_CODE = YES;
				CLANG_WARN__DUPLICATE_METHOD_MATCH = YES;
				COPY_PHASE_STRIP = NO;
				DEBUG_INFORMATION_FORMAT = dwarf;
				ENABLE_STRICT_OBJC_MSGSEND = YES;
				ENABLE_TESTABILITY = YES;
				GCC_C_LANGUAGE_STANDARD = gnu11;
				GCC_DYNAMIC_NO_PIC = NO;
				GCC_NO_COMMON_BLOCKS = YES;
				GCC_OPTIMIZATION_LEVEL = 0;
				GCC_PREPROCESSOR_DEFINITIONS = (
					"DEBUG=1",
					"$(inherited)",
				);
				GCC_WARN_64_TO_32_BIT_CONVERSION = YES;
				GCC_WARN_ABOUT_RETURN_TYPE = YES_ERROR;
				GCC_WARN_UNDECLARED_SELECTOR = YES;
				GCC_WARN_UNINITIALIZED_AUTOS = YES_AGGRESSIVE;
				GCC_WARN_UNUSED_FUNCTION = YES;
				GCC_WARN_UNUSED_VARIABLE = YES;
				IPHONEOS_DEPLOYMENT_TARGET = 14.4;
				MTL_ENABLE_DEBUG_INFO = INCLUDE_SOURCE;
				MTL_FAST_MATH = YES;
				ONLY_ACTIVE_ARCH = YES;
				SDKROOT = iphoneos;
			};
			name = Debug;
		};
		A81495F225EAB45C00C855F0 /* Release */ = {
			isa = XCBuildConfiguration;
			buildSettings = {
				ALWAYS_SEARCH_USER_PATHS = NO;
				CLANG_ANALYZER_NONNULL = YES;
				CLANG_ANALYZER_NUMBER_OBJECT_CONVERSION = YES_AGGRESSIVE;
				CLANG_CXX_LANGUAGE_STANDARD = "gnu++14";
				CLANG_CXX_LIBRARY = "libc++";
				CLANG_ENABLE_MODULES = YES;
				CLANG_ENABLE_OBJC_ARC = YES;
				CLANG_ENABLE_OBJC_WEAK = YES;
				CLANG_WARN_BLOCK_CAPTURE_AUTORELEASING = YES;
				CLANG_WARN_BOOL_CONVERSION = YES;
				CLANG_WARN_COMMA = YES;
				CLANG_WARN_CONSTANT_CONVERSION = YES;
				CLANG_WARN_DEPRECATED_OBJC_IMPLEMENTATIONS = YES;
				CLANG_WARN_DIRECT_OBJC_ISA_USAGE = YES_ERROR;
				CLANG_WARN_DOCUMENTATION_COMMENTS = YES;
				CLANG_WARN_EMPTY_BODY = YES;
				CLANG_WARN_ENUM_CONVERSION = YES;
				CLANG_WARN_INFINITE_RECURSION = YES;
				CLANG_WARN_INT_CONVERSION = YES;
				CLANG_WARN_NON_LITERAL_NULL_CONVERSION = YES;
				CLANG_WARN_OBJC_IMPLICIT_RETAIN_SELF = YES;
				CLANG_WARN_OBJC_LITERAL_CONVERSION = YES;
				CLANG_WARN_OBJC_ROOT_CLASS = YES_ERROR;
				CLANG_WARN_QUOTED_INCLUDE_IN_FRAMEWORK_HEADER = YES;
				CLANG_WARN_RANGE_LOOP_ANALYSIS = YES;
				CLANG_WARN_STRICT_PROTOTYPES = YES;
				CLANG_WARN_SUSPICIOUS_MOVE = YES;
				CLANG_WARN_UNGUARDED_AVAILABILITY = YES_AGGRESSIVE;
				CLANG_WARN_UNREACHABLE_CODE = YES;
				CLANG_WARN__DUPLICATE_METHOD_MATCH = YES;
				COPY_PHASE_STRIP = NO;
				DEBUG_INFORMATION_FORMAT = "dwarf-with-dsym";
				ENABLE_NS_ASSERTIONS = NO;
				ENABLE_STRICT_OBJC_MSGSEND = YES;
				GCC_C_LANGUAGE_STANDARD = gnu11;
				GCC_NO_COMMON_BLOCKS = YES;
				GCC_WARN_64_TO_32_BIT_CONVERSION = YES;
				GCC_WARN_ABOUT_RETURN_TYPE = YES_ERROR;
				GCC_WARN_UNDECLARED_SELECTOR = YES;
				GCC_WARN_UNINITIALIZED_AUTOS = YES_AGGRESSIVE;
				GCC_WARN_UNUSED_FUNCTION = YES;
				GCC_WARN_UNUSED_VARIABLE = YES;
				IPHONEOS_DEPLOYMENT_TARGET = 14.4;
				MTL_ENABLE_DEBUG_INFO = NO;
				MTL_FAST_MATH = YES;
				SDKROOT = iphoneos;
				VALIDATE_PRODUCT = YES;
			};
			name = Release;
		};
		A81495F425EAB45C00C855F0 /* Debug */ = {
			isa = XCBuildConfiguration;
			baseConfigurationReference = 07425C38CC0E2EA7C84A1027 /* Pods-SearchForAirTickets.debug.xcconfig */;
			buildSettings = {
				ASSETCATALOG_COMPILER_APPICON_NAME = AppIcon;
				ASSETCATALOG_COMPILER_GLOBAL_ACCENT_COLOR_NAME = AccentColor;
				CODE_SIGN_STYLE = Automatic;
				INFOPLIST_FILE = SearchForAirTickets/Resource/Info.plist;
				LD_RUNPATH_SEARCH_PATHS = (
					"$(inherited)",
					"@executable_path/Frameworks",
				);
				PRODUCT_BUNDLE_IDENTIFIER = "-23456.SearchForAirTickets";
				PRODUCT_NAME = "$(TARGET_NAME)";
				TARGETED_DEVICE_FAMILY = "1,2";
			};
			name = Debug;
		};
		A81495F525EAB45C00C855F0 /* Release */ = {
			isa = XCBuildConfiguration;
			baseConfigurationReference = 5AE8017B8F29701AA4EE611A /* Pods-SearchForAirTickets.release.xcconfig */;
			buildSettings = {
				ASSETCATALOG_COMPILER_APPICON_NAME = AppIcon;
				ASSETCATALOG_COMPILER_GLOBAL_ACCENT_COLOR_NAME = AccentColor;
				CODE_SIGN_STYLE = Automatic;
				INFOPLIST_FILE = SearchForAirTickets/Resource/Info.plist;
				LD_RUNPATH_SEARCH_PATHS = (
					"$(inherited)",
					"@executable_path/Frameworks",
				);
				PRODUCT_BUNDLE_IDENTIFIER = "-23456.SearchForAirTickets";
				PRODUCT_NAME = "$(TARGET_NAME)";
				TARGETED_DEVICE_FAMILY = "1,2";
			};
			name = Release;
		};
/* End XCBuildConfiguration section */

/* Begin XCConfigurationList section */
		A81495D525EAB45800C855F0 /* Build configuration list for PBXProject "SearchForAirTickets" */ = {
			isa = XCConfigurationList;
			buildConfigurations = (
				A81495F125EAB45C00C855F0 /* Debug */,
				A81495F225EAB45C00C855F0 /* Release */,
			);
			defaultConfigurationIsVisible = 0;
			defaultConfigurationName = Release;
		};
		A81495F325EAB45C00C855F0 /* Build configuration list for PBXNativeTarget "SearchForAirTickets" */ = {
			isa = XCConfigurationList;
			buildConfigurations = (
				A81495F425EAB45C00C855F0 /* Debug */,
				A81495F525EAB45C00C855F0 /* Release */,
			);
			defaultConfigurationIsVisible = 0;
			defaultConfigurationName = Release;
		};
/* End XCConfigurationList section */

/* Begin XCVersionGroup section */
		A88932912607D50400F74D90 /* air.xcdatamodeld */ = {
			isa = XCVersionGroup;
			children = (
				A88932922607D50400F74D90 /* air.xcdatamodel */,
			);
			currentVersion = A88932922607D50400F74D90 /* air.xcdatamodel */;
			path = air.xcdatamodeld;
			sourceTree = "<group>";
			versionGroupType = wrapper.xcdatamodel;
		};
/* End XCVersionGroup section */
	};
	rootObject = A81495D225EAB45800C855F0 /* Project object */;
}
